
Microsoft Visual Studio Solution File, Format Version 12.00
# Visual Studio 15
VisualStudioVersion = 15.0.28010.2046
MinimumVisualStudioVersion = 10.0.40219.1
Project("{8BC9CEB8-8B4A-11D0-8D11-00A0C91BC942}") = "pushbox-learn", "pushbox-learn\pushbox-learn.vcxproj", "{A65E7B58-7115-40F2-8E06-DFCE172CB8ED}"
EndProject
Global
	GlobalSection(SolutionConfigurationPlatforms) = preSolution
		Debug|x64 = Debug|x64
		Debug|x86 = Debug|x86
		Release|x64 = Release|x64
		Release|x86 = Release|x86
	EndGlobalSection
	GlobalSection(ProjectConfigurationPlatforms) = postSolution
		{A65E7B58-7115-40F2-8E06-DFCE172CB8ED}.Debug|x64.ActiveCfg = Debug|x64
		{A65E7B58-7115-40F2-8E06-DFCE172CB8ED}.Debug|x64.Build.0 = Debug|x64
		{A65E7B58-7115-40F2-8E06-DFCE172CB8ED}.Debug|x86.ActiveCfg = Debug|Win32
		{A65E7B58-7115-40F2-8E06-DFCE172CB8ED}.Debug|x86.Build.0 = Debug|Win32
		{A65E7B58-7115-40F2-8E06-DFCE172CB8ED}.Release|x64.ActiveCfg = Release|x64
		{A65E7B58-7115-40F2-8E06-DFCE172CB8ED}.Release|x64.Build.0 = Release|x64
		{A65E7B58-7115-40F2-8E06-DFCE172CB8ED}.Release|x86.ActiveCfg = Release|Win32
		{A65E7B58-7115-40F2-8E06-DFCE172CB8ED}.Release|x86.Build.0 = Release|Win32
	EndGlobalSection
	GlobalSection(SolutionProperties) = preSolution
		HideSolutionNode = FALSE
	EndGlobalSection
	GlobalSection(ExtensibilityGlobals) = postSolution
		SolutionGuid = {F3DDBE16-46EA-41D5-92F8-B02C48355C3E}
	EndGlobalSection
EndGlobal
